DEPENDENCIES
  ark
    git: git://github.com/burtlo/ark.git
    revision: efda6a9b8437ebe45d8770fbb11d8847eea365a9
    tag: v0.9.0
  elasticsearch
    git: git://github.com/issueapp/cookbook-elasticsearch.git
    revision: a291cb8cf9c0ee9fdaeb4c1f4cbc9c41bc4a0dd7
    branch: 0.3.x
  issue-elastic
    path: .
    metadata: true

GRAPH
  7-zip (1.0.2)
    windows (>= 1.2.2)
  ark (0.9.0)
    7-zip (>= 0.0.0)
    windows (>= 0.0.0)
  chef_handler (1.1.6)
  elasticsearch (0.3.14)
    ark (>= 0.2.4)
  issue-elastic (0.1.0)
    elasticsearch (>= 0.0.0)
    java (>= 0.0.0)
  java (1.31.0)
  windows (1.36.6)
    chef_handler (>= 0.0.0)
